// !$*UTF8*$!
{
	archiveVersion = 1;
	classes = {
	};
	objectVersion = 46;
	objects = {

/* Begin PBXBuildFile section */
		2CE284881BA90CF600C76304 /* AppDelegate.swift in Sources */ = {isa = PBXBuildFile; fileRef = 2CE284871BA90CF600C76304 /* AppDelegate.swift */; };
		2CE2848A1BA90CF600C76304 /* ViewController.swift in Sources */ = {isa = PBXBuildFile; fileRef = 2CE284891BA90CF600C76304 /* ViewController.swift */; };
		2CE2848D1BA90CF600C76304 /* Main.storyboard in Resources */ = {isa = PBXBuildFile; fileRef = 2CE2848B1BA90CF600C76304 /* Main.storyboard */; };
		2CE2848F1BA90CF600C76304 /* Images.xcassets in Resources */ = {isa = PBXBuildFile; fileRef = 2CE2848E1BA90CF600C76304 /* Images.xcassets */; };
		2CE2849E1BA90CF600C76304 /* GoogleTests.swift in Sources */ = {isa = PBXBuildFile; fileRef = 2CE2849D1BA90CF600C76304 /* GoogleTests.swift */; };
/* End PBXBuildFile section */

/* Begin PBXContainerItemProxy section */
		2CE284981BA90CF600C76304 /* PBXContainerItemProxy */ = {
			isa = PBXContainerItemProxy;
			containerPortal = 2CE2847A1BA90CF600C76304 /* Project object */;
			proxyType = 1;
			remoteGlobalIDString = 2CE284811BA90CF600C76304;
			remoteInfo = Google;
		};
/* End PBXContainerItemProxy section */

/* Begin PBXFileReference section */
		2C7037C41BAA7CA80085E723 /* Google.app */ = {isa = PBXFileReference; explicitFileType = wrapper.application; includeInIndex = 0; path = Google.app; sourceTree = BUILT_PRODUCTS_DIR; };
		2C7037C51BAA7CA80085E723 /* GoogleTests.xctest */ = {isa = PBXFileReference; explicitFileType = wrapper.cfbundle; includeInIndex = 0; path = GoogleTests.xctest; sourceTree = BUILT_PRODUCTS_DIR; };
		2CE284861BA90CF600C76304 /* Info.plist */ = {isa = PBXFileReference; lastKnownFileType = text.plist.xml; path = Info.plist; sourceTree = "<group>"; };
		2CE284871BA90CF600C76304 /* AppDelegate.swift */ = {isa = PBXFileReference; lastKnownFileType = sourcecode.swift; path = AppDelegate.swift; sourceTree = "<group>"; };
		2CE284891BA90CF600C76304 /* ViewController.swift */ = {isa = PBXFileReference; lastKnownFileType = sourcecode.swift; path = ViewController.swift; sourceTree = "<group>"; };
		2CE2848C1BA90CF600C76304 /* Base */ = {isa = PBXFileReference; lastKnownFileType = file.storyboard; name = Base; path = Base.lproj/Main.storyboard; sourceTree = "<group>"; };
		2CE2848E1BA90CF600C76304 /* Images.xcassets */ = {isa = PBXFileReference; lastKnownFileType = folder.assetcatalog; path = Images.xcassets; sourceTree = "<group>"; };
		2CE2849C1BA90CF600C76304 /* Info.plist */ = {isa = PBXFileReference; lastKnownFileType = text.plist.xml; path = Info.plist; sourceTree = "<group>"; };
		2CE2849D1BA90CF600C76304 /* GoogleTests.swift */ = {isa = PBXFileReference; lastKnownFileType = sourcecode.swift; path = GoogleTests.swift; sourceTree = "<group>"; };
/* End PBXFileReference section */

/* Begin PBXFrameworksBuildPhase section */
		2CE2847F1BA90CF600C76304 /* Frameworks */ = {
			isa = PBXFrameworksBuildPhase;
			buildActionMask = 2147483647;
			files = (
			);
			runOnlyForDeploymentPostprocessing = 0;
		};
		2CE284941BA90CF600C76304 /* Frameworks */ = {
			isa = PBXFrameworksBuildPhase;
			buildActionMask = 2147483647;
			files = (
			);
			runOnlyForDeploymentPostprocessing = 0;
		};
/* End PBXFrameworksBuildPhase section */

/* Begin PBXGroup section */
		2C7037C71BAA7CEC0085E723 /* Products */ = {
			isa = PBXGroup;
			children = (
				2C7037C51BAA7CA80085E723 /* GoogleTests.xctest */,
				2C7037C41BAA7CA80085E723 /* Google.app */,
			);
			name = Products;
			sourceTree = "<group>";
		};
		2CE284791BA90CF500C76304 = {
			isa = PBXGroup;
			children = (
				2CE284841BA90CF600C76304 /* Google */,
				2CE2849A1BA90CF600C76304 /* GoogleTests */,
				2C7037C71BAA7CEC0085E723 /* Products */,
			);
			sourceTree = "<group>";
		};
		2CE284841BA90CF600C76304 /* Google */ = {
			isa = PBXGroup;
			children = (
				2CE284871BA90CF600C76304 /* AppDelegate.swift */,
				2CE284891BA90CF600C76304 /* ViewController.swift */,
				2CE2848B1BA90CF600C76304 /* Main.storyboard */,
				2CE2848E1BA90CF600C76304 /* Images.xcassets */,
				2CE284851BA90CF600C76304 /* Supporting Files */,
			);
			path = Google;
			sourceTree = "<group>";
		};
		2CE284851BA90CF600C76304 /* Supporting Files */ = {
			isa = PBXGroup;
			children = (
				2CE284861BA90CF600C76304 /* Info.plist */,
			);
			name = "Supporting Files";
			sourceTree = "<group>";
		};
		2CE2849A1BA90CF600C76304 /* GoogleTests */ = {
			isa = PBXGroup;
			children = (
				2CE2849D1BA90CF600C76304 /* GoogleTests.swift */,
				2CE2849B1BA90CF600C76304 /* Supporting Files */,
			);
			path = GoogleTests;
			sourceTree = "<group>";
		};
		2CE2849B1BA90CF600C76304 /* Supporting Files */ = {
			isa = PBXGroup;
			children = (
				2CE2849C1BA90CF600C76304 /* Info.plist */,
			);
			name = "Supporting Files";
			sourceTree = "<group>";
		};
/* End PBXGroup section */

/* Begin PBXNativeTarget section */
		2CE284811BA90CF600C76304 /* Google */ = {
			isa = PBXNativeTarget;
			buildConfigurationList = 2CE284A11BA90CF600C76304 /* Build configuration list for PBXNativeTarget "Google" */;
			buildPhases = (
				2CE2847E1BA90CF600C76304 /* Sources */,
				2CE2847F1BA90CF600C76304 /* Frameworks */,
				2CE284801BA90CF600C76304 /* Resources */,
			);
			buildRules = (
			);
			dependencies = (
			);
			name = Google;
			productName = Google;
			productReference = 2C7037C41BAA7CA80085E723 /* Google.app */;
			productType = "com.apple.product-type.application";
		};
		2CE284961BA90CF600C76304 /* GoogleTests */ = {
			isa = PBXNativeTarget;
			buildConfigurationList = 2CE284A41BA90CF600C76304 /* Build configuration list for PBXNativeTarget "GoogleTests" */;
			buildPhases = (
				2CE284931BA90CF600C76304 /* Sources */,
				2CE284941BA90CF600C76304 /* Frameworks */,
				2CE284951BA90CF600C76304 /* Resources */,
			);
			buildRules = (
			);
			dependencies = (
				2CE284991BA90CF600C76304 /* PBXTargetDependency */,
			);
			name = GoogleTests;
			productName = GoogleTests;
			productReference = 2C7037C51BAA7CA80085E723 /* GoogleTests.xctest */;
			productType = "com.apple.product-type.bundle.unit-test";
		};
/* End PBXNativeTarget section */

/* Begin PBXProject section */
		2CE2847A1BA90CF600C76304 /* Project object */ = {
			isa = PBXProject;
			attributes = {
				LastSwiftUpdateCheck = 0710;
				LastUpgradeCheck = 0710;
				ORGANIZATIONNAME = "James Taylor";
				TargetAttributes = {
					2CE284811BA90CF600C76304 = {
						CreatedOnToolsVersion = 6.4;
						DevelopmentTeam = 269F234L22;
					};
					2CE284961BA90CF600C76304 = {
						CreatedOnToolsVersion = 6.4;
						TestTargetID = 2CE284811BA90CF600C76304;
					};
				};
			};
			buildConfigurationList = 2CE2847D1BA90CF600C76304 /* Build configuration list for PBXProject "Google" */;
			compatibilityVersion = "Xcode 3.2";
			developmentRegion = English;
			hasScannedForEncodings = 0;
			knownRegions = (
				en,
				Base,
			);
			mainGroup = 2CE284791BA90CF500C76304;
			productRefGroup = 2CE284791BA90CF500C76304;
			projectDirPath = "";
			projectRoot = "";
			targets = (
				2CE284811BA90CF600C76304 /* Google */,
				2CE284961BA90CF600C76304 /* GoogleTests */,
			);
		};
/* End PBXProject section */

/* Begin PBXResourcesBuildPhase section */
		2CE284801BA90CF600C76304 /* Resources */ = {
			isa = PBXResourcesBuildPhase;
			buildActionMask = 2147483647;
			files = (
				2CE2848D1BA90CF600C76304 /* Main.storyboard in Resources */,
				2CE2848F1BA90CF600C76304 /* Images.xcassets in Resources */,
			);
			runOnlyForDeploymentPostprocessing = 0;
		};
		2CE284951BA90CF600C76304 /* Resources */ = {
			isa = PBXResourcesBuildPhase;
			buildActionMask = 2147483647;
			files = (
			);
			runOnlyForDeploymentPostprocessing = 0;
		};
/* End PBXResourcesBuildPhase section */

/* Begin PBXSourcesBuildPhase section */
		2CE2847E1BA90CF600C76304 /* Sources */ = {
			isa = PBXSourcesBuildPhase;
			buildActionMask = 2147483647;
			files = (
				2CE2848A1BA90CF600C76304 /* ViewController.swift in Sources */,
				2CE284881BA90CF600C76304 /* AppDelegate.swift in Sources */,
			);
			runOnlyForDeploymentPostprocessing = 0;
		};
		2CE284931BA90CF600C76304 /* Sources */ = {
			isa = PBXSourcesBuildPhase;
			buildActionMask = 2147483647;
			files = (
				2CE2849E1BA90CF600C76304 /* GoogleTests.swift in Sources */,
			);
			runOnlyForDeploymentPostprocessing = 0;
		};
/* End PBXSourcesBuildPhase section */

/* Begin PBXTargetDependency section */
		2CE284991BA90CF600C76304 /* PBXTargetDependency */ = {
			isa = PBXTargetDependency;
			target = 2CE284811BA90CF600C76304 /* Google */;
			targetProxy = 2CE284981BA90CF600C76304 /* PBXContainerItemProxy */;
		};
/* End PBXTargetDependency section */

/* Begin PBXVariantGroup section */
		2CE2848B1BA90CF600C76304 /* Main.storyboard */ = {
			isa = PBXVariantGroup;
			children = (
				2CE2848C1BA90CF600C76304 /* Base */,
			);
			name = Main.storyboard;
			sourceTree = "<group>";
		};
/* End PBXVariantGroup section */

/* Begin XCBuildConfiguration section */
		2CE2849F1BA90CF600C76304 /* Debug */ = {
			isa = XCBuildConfiguration;
			buildSettings = {
				ALWAYS_SEARCH_USER_PATHS = NO;
				CLANG_CXX_LANGUAGE_STANDARD = "gnu++0x";
				CLANG_CXX_LIBRARY = "libc++";
				CLANG_ENABLE_MODULES = YES;
				CLANG_ENABLE_OBJC_ARC = YES;
				CLANG_WARN_BOOL_CONVERSION = YES;
				CLANG_WARN_CONSTANT_CONVERSION = YES;
				CLANG_WARN_DIRECT_OBJC_ISA_USAGE = YES_ERROR;
				CLANG_WARN_EMPTY_BODY = YES;
				CLANG_WARN_ENUM_CONVERSION = YES;
				CLANG_WARN_INT_CONVERSION = YES;
				CLANG_WARN_OBJC_ROOT_CLASS = YES_ERROR;
				CLANG_WARN_UNREACHABLE_CODE = YES;
				CLANG_WARN__DUPLICATE_METHOD_MATCH = YES;
				"CODE_SIGN_IDENTITY[sdk=iphoneos*]" = "iPhone Developer";
				COPY_PHASE_STRIP = NO;
				DEBUG_INFORMATION_FORMAT = "dwarf-with-dsym";
				ENABLE_STRICT_OBJC_MSGSEND = YES;
				ENABLE_TESTABILITY = YES;
				GCC_C_LANGUAGE_STANDARD = gnu99;
				GCC_DYNAMIC_NO_PIC = NO;
				GCC_NO_COMMON_BLOCKS = YES;
				GCC_OPTIMIZATION_LEVEL = 0;
				GCC_PREPROCESSOR_DEFINITIONS = (
					"DEBUG=1",
					"$(inherited)",
				);
				GCC_SYMBOLS_PRIVATE_EXTERN = NO;
				GCC_WARN_64_TO_32_BIT_CONVERSION = YES;
				GCC_WARN_ABOUT_RETURN_TYPE = YES_ERROR;
				GCC_WARN_UNDECLARED_SELECTOR = YES;
				GCC_WARN_UNINITIALIZED_AUTOS = YES_AGGRESSIVE;
				GCC_WARN_UNUSED_FUNCTION = YES;
				GCC_WARN_UNUSED_VARIABLE = YES;
				IPHONEOS_DEPLOYMENT_TARGET = 9.1;
				MTL_ENABLE_DEBUG_INFO = YES;
				ONLY_ACTIVE_ARCH = YES;
				SDKROOT = iphoneos;
				SWIFT_OPTIMIZATION_LEVEL = "-Onone";
			};
			name = Debug;
		};
		2CE284A01BA90CF600C76304 /* Release */ = {
			isa = XCBuildConfiguration;
			buildSettings = {
				ALWAYS_SEARCH_USER_PATHS = NO;
				CLANG_CXX_LANGUAGE_STANDARD = "gnu++0x";
				CLANG_CXX_LIBRARY = "libc++";
				CLANG_ENABLE_MODULES = YES;
				CLANG_ENABLE_OBJC_ARC = YES;
				CLANG_WARN_BOOL_CONVERSION = YES;
				CLANG_WARN_CONSTANT_CONVERSION = YES;
				CLANG_WARN_DIRECT_OBJC_ISA_USAGE = YES_ERROR;
				CLANG_WARN_EMPTY_BODY = YES;
				CLANG_WARN_ENUM_CONVERSION = YES;
				CLANG_WARN_INT_CONVERSION = YES;
				CLANG_WARN_OBJC_ROOT_CLASS = YES_ERROR;
				CLANG_WARN_UNREACHABLE_CODE = YES;
				CLANG_WARN__DUPLICATE_METHOD_MATCH = YES;
				"CODE_SIGN_IDENTITY[sdk=iphoneos*]" = "iPhone Developer";
				COPY_PHASE_STRIP = NO;
				DEBUG_INFORMATION_FORMAT = "dwarf-with-dsym";
				ENABLE_NS_ASSERTIONS = NO;
				ENABLE_STRICT_OBJC_MSGSEND = YES;
				GCC_C_LANGUAGE_STANDARD = gnu99;
				GCC_NO_COMMON_BLOCKS = YES;
				GCC_WARN_64_TO_32_BIT_CONVERSION = YES;
				GCC_WARN_ABOUT_RETURN_TYPE = YES_ERROR;
				GCC_WARN_UNDECLARED_SELECTOR = YES;
				GCC_WARN_UNINITIALIZED_AUTOS = YES_AGGRESSIVE;
				GCC_WARN_UNUSED_FUNCTION = YES;
				GCC_WARN_UNUSED_VARIABLE = YES;
				IPHONEOS_DEPLOYMENT_TARGET = 9.1;
				MTL_ENABLE_DEBUG_INFO = NO;
				SDKROOT = iphoneos;
				VALIDATE_PRODUCT = YES;
			};
			name = Release;
		};
		2CE284A21BA90CF600C76304 /* Debug */ = {
			isa = XCBuildConfiguration;
			buildSettings = {
				ASSETCATALOG_COMPILER_APPICON_NAME = AppIcon;
				ASSETCATALOG_COMPILER_LAUNCHIMAGE_NAME = LaunchImage;
				CODE_SIGN_IDENTITY = "iPhone Developer";
				"CODE_SIGN_IDENTITY[sdk=iphoneos*]" = "iPhone Developer";
				INFOPLIST_FILE = Google/Info.plist;
				LD_RUNPATH_SEARCH_PATHS = "$(inherited) @executable_path/Frameworks";
				PRODUCT_BUNDLE_IDENTIFIER = "jt.$(PRODUCT_NAME:rfc1034identifier)";
				PRODUCT_NAME = "$(TARGET_NAME)";
				PROVISIONING_PROFILE = "";
			};
			name = Debug;
		};
		2CE284A31BA90CF600C76304 /* Release */ = {
			isa = XCBuildConfiguration;
			buildSettings = {
				ASSETCATALOG_COMPILER_APPICON_NAME = AppIcon;
				ASSETCATALOG_COMPILER_LAUNCHIMAGE_NAME = LaunchImage;
				CODE_SIGN_IDENTITY = "iPhone Developer";
				"CODE_SIGN_IDENTITY[sdk=iphoneos*]" = "iPhone Developer";
				INFOPLIST_FILE = Google/Info.plist;
				LD_RUNPATH_SEARCH_PATHS = "$(inherited) @executable_path/Frameworks";
				PRODUCT_BUNDLE_IDENTIFIER = "jt.$(PRODUCT_NAME:rfc1034identifier)";
				PRODUCT_NAME = "$(TARGET_NAME)";
				PROVISIONING_PROFILE = "";
			};
			name = Release;
		};
		2CE284A51BA90CF600C76304 /* Debug */ = {
			isa = XCBuildConfiguration;
			buildSettings = {
				BUNDLE_LOADER = "$(TEST_HOST)";
				FRAMEWORK_SEARCH_PATHS = (
					"$(SDKROOT)/Developer/Library/Frameworks",
					"$(inherited)",
				);
				GCC_PREPROCESSOR_DEFINITIONS = (
					"DEBUG=1",
					"$(inherited)",
				);
				INFOPLIST_FILE = GoogleTests/Info.plist;
				LD_RUNPATH_SEARCH_PATHS = "$(inherited) @executable_path/Frameworks @loader_path/Frameworks";
				PRODUCT_BUNDLE_IDENTIFIER = "jt.$(PRODUCT_NAME:rfc1034identifier)";
				PRODUCT_NAME = "$(TARGET_NAME)";
				TEST_HOST = "$(BUILT_PRODUCTS_DIR)/Google.app/Google";
			};
			name = Debug;
		};
		2CE284A61BA90CF600C76304 /* Release */ = {
			isa = XCBuildConfiguration;
			buildSettings = {
				BUNDLE_LOADER = "$(TEST_HOST)";
				FRAMEWORK_SEARCH_PATHS = (
					"$(SDKROOT)/Developer/Library/Frameworks",
					"$(inherited)",
				);
				INFOPLIST_FILE = GoogleTests/Info.plist;
				LD_RUNPATH_SEARCH_PATHS = "$(inherited) @executable_path/Frameworks @loader_path/Frameworks";
				PRODUCT_BUNDLE_IDENTIFIER = "jt.$(PRODUCT_NAME:rfc1034identifier)";
				PRODUCT_NAME = "$(TARGET_NAME)";
				TEST_HOST = "$(BUILT_PRODUCTS_DIR)/Google.app/Google";
			};
			name = Release;
		};
/* End XCBuildConfiguration section */

/* Begin XCConfigurationList section */
		2CE2847D1BA90CF600C76304 /* Build configuration list for PBXProject "Google" */ = {
			isa = XCConfigurationList;
			buildConfigurations = (
				2CE2849F1BA90CF600C76304 /* Debug */,
				2CE284A01BA90CF600C76304 /* Release */,
			);
			defaultConfigurationIsVisible = 0;
			defaultConfigurationName = Release;
		};
		2CE284A11BA90CF600C76304 /* Build configuration list for PBXNativeTarget "Google" */ = {
			isa = XCConfigurationList;
			buildConfigurations = (
				2CE284A21BA90CF600C76304 /* Debug */,
				2CE284A31BA90CF600C76304 /* Release */,
			);
			defaultConfigurationIsVisible = 0;
			defaultConfigurationName = Release;
		};
		2CE284A41BA90CF600C76304 /* Build configuration list for PBXNativeTarget "GoogleTests" */ = {
			isa = XCConfigurationList;
			buildConfigurations = (
				2CE284A51BA90CF600C76304 /* Debug */,
				2CE284A61BA90CF600C76304 /* Release */,
			);
			defaultConfigurationIsVisible = 0;
			defaultConfigurationName = Release;
		};
/* End XCConfigurationList section */
	};
	rootObject = 2CE2847A1BA90CF600C76304 /* Project object */;
}
